
Microsoft Visual Studio Solution File, Format Version 12.00
# Visual Studio Version 17
VisualStudioVersion = 17.10.34928.147
MinimumVisualStudioVersion = 10.0.40219.1
Project("{8BC9CEB8-8B4A-11D0-8D11-00A0C91BC942}") = "DataContainers", "DataContainers\DataContainers.vcxproj", "{9E26312E-561F-42AF-92C4-373701BDF29D}"
EndProject
Project("{8BC9CEB8-8B4A-11D0-8D11-00A0C91BC942}") = "ForwardList", "ForwardList\ForwardList.vcxproj", "{8DBBFB82-DA74-40D8-965F-3A62863600A6}"
EndProject
Project("{8BC9CEB8-8B4A-11D0-8D11-00A0C91BC942}") = "List2", "List2\List2.vcxproj", "{4F81F404-3B41-484D-B2A9-EAC015CD48B5}"
EndProject
Project("{8BC9CEB8-8B4A-11D0-8D11-00A0C91BC942}") = "List2MyHomework", "List2MyHomework\List2MyHomework.vcxproj", "{B668A67C-53AF-4CB7-BB8E-AEE42A2B06FF}"
EndProject
Project("{8BC9CEB8-8B4A-11D0-8D11-00A0C91BC942}") = "Stack", "Stack\Stack.vcxproj", "{0D4E3516-EA54-44C3-BDD6-83FA527115C1}"
EndProject
Global
	GlobalSection(SolutionConfigurationPlatforms) = preSolution
		Debug|x64 = Debug|x64
		Debug|x86 = Debug|x86
		Release|x64 = Release|x64
		Release|x86 = Release|x86
	EndGlobalSection
	GlobalSection(ProjectConfigurationPlatforms) = postSolution
		{9E26312E-561F-42AF-92C4-373701BDF29D}.Debug|x64.ActiveCfg = Debug|x64
		{9E26312E-561F-42AF-92C4-373701BDF29D}.Debug|x64.Build.0 = Debug|x64
		{9E26312E-561F-42AF-92C4-373701BDF29D}.Debug|x86.ActiveCfg = Debug|Win32
		{9E26312E-561F-42AF-92C4-373701BDF29D}.Debug|x86.Build.0 = Debug|Win32
		{9E26312E-561F-42AF-92C4-373701BDF29D}.Release|x64.ActiveCfg = Release|x64
		{9E26312E-561F-42AF-92C4-373701BDF29D}.Release|x64.Build.0 = Release|x64
		{9E26312E-561F-42AF-92C4-373701BDF29D}.Release|x86.ActiveCfg = Release|Win32
		{9E26312E-561F-42AF-92C4-373701BDF29D}.Release|x86.Build.0 = Release|Win32
		{8DBBFB82-DA74-40D8-965F-3A62863600A6}.Debug|x64.ActiveCfg = Debug|x64
		{8DBBFB82-DA74-40D8-965F-3A62863600A6}.Debug|x64.Build.0 = Debug|x64
		{8DBBFB82-DA74-40D8-965F-3A62863600A6}.Debug|x86.ActiveCfg = Debug|Win32
		{8DBBFB82-DA74-40D8-965F-3A62863600A6}.Debug|x86.Build.0 = Debug|Win32
		{8DBBFB82-DA74-40D8-965F-3A62863600A6}.Release|x64.ActiveCfg = Release|x64
		{8DBBFB82-DA74-40D8-965F-3A62863600A6}.Release|x64.Build.0 = Release|x64
		{8DBBFB82-DA74-40D8-965F-3A62863600A6}.Release|x86.ActiveCfg = Release|Win32
		{8DBBFB82-DA74-40D8-965F-3A62863600A6}.Release|x86.Build.0 = Release|Win32
		{4F81F404-3B41-484D-B2A9-EAC015CD48B5}.Debug|x64.ActiveCfg = Debug|x64
		{4F81F404-3B41-484D-B2A9-EAC015CD48B5}.Debug|x64.Build.0 = Debug|x64
		{4F81F404-3B41-484D-B2A9-EAC015CD48B5}.Debug|x86.ActiveCfg = Debug|Win32
		{4F81F404-3B41-484D-B2A9-EAC015CD48B5}.Debug|x86.Build.0 = Debug|Win32
		{4F81F404-3B41-484D-B2A9-EAC015CD48B5}.Release|x64.ActiveCfg = Release|x64
		{4F81F404-3B41-484D-B2A9-EAC015CD48B5}.Release|x64.Build.0 = Release|x64
		{4F81F404-3B41-484D-B2A9-EAC015CD48B5}.Release|x86.ActiveCfg = Release|Win32
		{4F81F404-3B41-484D-B2A9-EAC015CD48B5}.Release|x86.Build.0 = Release|Win32
		{B668A67C-53AF-4CB7-BB8E-AEE42A2B06FF}.Debug|x64.ActiveCfg = Debug|x64
		{B668A67C-53AF-4CB7-BB8E-AEE42A2B06FF}.Debug|x64.Build.0 = Debug|x64
		{B668A67C-53AF-4CB7-BB8E-AEE42A2B06FF}.Debug|x86.ActiveCfg = Debug|Win32
		{B668A67C-53AF-4CB7-BB8E-AEE42A2B06FF}.Debug|x86.Build.0 = Debug|Win32
		{B668A67C-53AF-4CB7-BB8E-AEE42A2B06FF}.Release|x64.ActiveCfg = Release|x64
		{B668A67C-53AF-4CB7-BB8E-AEE42A2B06FF}.Release|x64.Build.0 = Release|x64
		{B668A67C-53AF-4CB7-BB8E-AEE42A2B06FF}.Release|x86.ActiveCfg = Release|Win32
		{B668A67C-53AF-4CB7-BB8E-AEE42A2B06FF}.Release|x86.Build.0 = Release|Win32
		{0D4E3516-EA54-44C3-BDD6-83FA527115C1}.Debug|x64.ActiveCfg = Debug|x64
		{0D4E3516-EA54-44C3-BDD6-83FA527115C1}.Debug|x64.Build.0 = Debug|x64
		{0D4E3516-EA54-44C3-BDD6-83FA527115C1}.Debug|x86.ActiveCfg = Debug|Win32
		{0D4E3516-EA54-44C3-BDD6-83FA527115C1}.Debug|x86.Build.0 = Debug|Win32
		{0D4E3516-EA54-44C3-BDD6-83FA527115C1}.Release|x64.ActiveCfg = Release|x64
		{0D4E3516-EA54-44C3-BDD6-83FA527115C1}.Release|x64.Build.0 = Release|x64
		{0D4E3516-EA54-44C3-BDD6-83FA527115C1}.Release|x86.ActiveCfg = Release|Win32
		{0D4E3516-EA54-44C3-BDD6-83FA527115C1}.Release|x86.Build.0 = Release|Win32
	EndGlobalSection
	GlobalSection(SolutionProperties) = preSolution
		HideSolutionNode = FALSE
	EndGlobalSection
	GlobalSection(ExtensibilityGlobals) = postSolution
		SolutionGuid = {97D4A49C-D168-47C8-9225-FA804A468A4F}
	EndGlobalSection
EndGlobal
